// !$*UTF8*$!
{
	archiveVersion = 1;
	classes = {
	};
	objectVersion = 50;
	objects = {

/* Begin PBXBuildFile section */
		77B094B65B203E952A819380 /* Pods_RxSwiftReactorKitSampleApp.framework in Frameworks */ = {isa = PBXBuildFile; fileRef = 5370CD8DFFAED3638126AC95 /* Pods_RxSwiftReactorKitSampleApp.framework */; };
		BC18740421B4C3CF00AD3A01 /* AppDelegate.swift in Sources */ = {isa = PBXBuildFile; fileRef = BC18740321B4C3CF00AD3A01 /* AppDelegate.swift */; };
		BC18740921B4C3CF00AD3A01 /* Main.storyboard in Resources */ = {isa = PBXBuildFile; fileRef = BC18740721B4C3CF00AD3A01 /* Main.storyboard */; };
		BC18740B21B4C3CF00AD3A01 /* Assets.xcassets in Resources */ = {isa = PBXBuildFile; fileRef = BC18740A21B4C3CF00AD3A01 /* Assets.xcassets */; };
		BC18740E21B4C3CF00AD3A01 /* LaunchScreen.storyboard in Resources */ = {isa = PBXBuildFile; fileRef = BC18740C21B4C3CF00AD3A01 /* LaunchScreen.storyboard */; };
		BC18742321B4FC0700AD3A01 /* MainViewController.swift in Sources */ = {isa = PBXBuildFile; fileRef = BC18742221B4FC0700AD3A01 /* MainViewController.swift */; };
		BC18742521B4FC3900AD3A01 /* MainViewReactor.swift in Sources */ = {isa = PBXBuildFile; fileRef = BC18742421B4FC3900AD3A01 /* MainViewReactor.swift */; };
		BC18742B21B50A7500AD3A01 /* Setting.storyboard in Resources */ = {isa = PBXBuildFile; fileRef = BC18742A21B50A7500AD3A01 /* Setting.storyboard */; };
		BC18742D21B50A8400AD3A01 /* SettingViewController.swift in Sources */ = {isa = PBXBuildFile; fileRef = BC18742C21B50A8400AD3A01 /* SettingViewController.swift */; };
		BC18742F21B50A9600AD3A01 /* SettingViewReactor.swift in Sources */ = {isa = PBXBuildFile; fileRef = BC18742E21B50A9600AD3A01 /* SettingViewReactor.swift */; };
		BC18743321B515A500AD3A01 /* README.md in Resources */ = {isa = PBXBuildFile; fileRef = BC18743221B515A500AD3A01 /* README.md */; };
		BC18743F21B604E400AD3A01 /* Localizable.strings in Resources */ = {isa = PBXBuildFile; fileRef = BC18744121B604E400AD3A01 /* Localizable.strings */; };
		BC18744421B6056F00AD3A01 /* Localized.swift in Sources */ = {isa = PBXBuildFile; fileRef = BC18744321B6056F00AD3A01 /* Localized.swift */; };
		BC18744621B608FC00AD3A01 /* Constants.swift in Sources */ = {isa = PBXBuildFile; fileRef = BC18744521B608FC00AD3A01 /* Constants.swift */; };
/* End PBXBuildFile section */

/* Begin PBXFileReference section */
		0206F0A0B20768933D6BF794 /* Pods-RxSwiftReactorKitSampleApp.release.xcconfig */ = {isa = PBXFileReference; includeInIndex = 1; lastKnownFileType = text.xcconfig; name = "Pods-RxSwiftReactorKitSampleApp.release.xcconfig"; path = "Pods/Target Support Files/Pods-RxSwiftReactorKitSampleApp/Pods-RxSwiftReactorKitSampleApp.release.xcconfig"; sourceTree = "<group>"; };
		5370CD8DFFAED3638126AC95 /* Pods_RxSwiftReactorKitSampleApp.framework */ = {isa = PBXFileReference; explicitFileType = wrapper.framework; includeInIndex = 0; path = Pods_RxSwiftReactorKitSampleApp.framework; sourceTree = BUILT_PRODUCTS_DIR; };
		9BD65D53911B88314410E609 /* Pods-RxSwiftReactorKitSampleApp.debug.xcconfig */ = {isa = PBXFileReference; includeInIndex = 1; lastKnownFileType = text.xcconfig; name = "Pods-RxSwiftReactorKitSampleApp.debug.xcconfig"; path = "Pods/Target Support Files/Pods-RxSwiftReactorKitSampleApp/Pods-RxSwiftReactorKitSampleApp.debug.xcconfig"; sourceTree = "<group>"; };
		BC18740021B4C3CF00AD3A01 /* RxSwiftReactorKitSampleApp.app */ = {isa = PBXFileReference; explicitFileType = wrapper.application; includeInIndex = 0; path = RxSwiftReactorKitSampleApp.app; sourceTree = BUILT_PRODUCTS_DIR; };
		BC18740321B4C3CF00AD3A01 /* AppDelegate.swift */ = {isa = PBXFileReference; lastKnownFileType = sourcecode.swift; path = AppDelegate.swift; sourceTree = "<group>"; };
		BC18740821B4C3CF00AD3A01 /* Base */ = {isa = PBXFileReference; lastKnownFileType = file.storyboard; name = Base; path = Base.lproj/Main.storyboard; sourceTree = "<group>"; };
		BC18740A21B4C3CF00AD3A01 /* Assets.xcassets */ = {isa = PBXFileReference; lastKnownFileType = folder.assetcatalog; path = Assets.xcassets; sourceTree = "<group>"; };
		BC18740D21B4C3CF00AD3A01 /* Base */ = {isa = PBXFileReference; lastKnownFileType = file.storyboard; name = Base; path = Base.lproj/LaunchScreen.storyboard; sourceTree = "<group>"; };
		BC18740F21B4C3CF00AD3A01 /* Info.plist */ = {isa = PBXFileReference; lastKnownFileType = text.plist.xml; path = Info.plist; sourceTree = "<group>"; };
		BC18742221B4FC0700AD3A01 /* MainViewController.swift */ = {isa = PBXFileReference; lastKnownFileType = sourcecode.swift; path = MainViewController.swift; sourceTree = "<group>"; };
		BC18742421B4FC3900AD3A01 /* MainViewReactor.swift */ = {isa = PBXFileReference; lastKnownFileType = sourcecode.swift; path = MainViewReactor.swift; sourceTree = "<group>"; };
		BC18742621B502DE00AD3A01 /* RxSwiftReactorKitSampleApp-Bridging-Header.h */ = {isa = PBXFileReference; lastKnownFileType = sourcecode.c.h; path = "RxSwiftReactorKitSampleApp-Bridging-Header.h"; sourceTree = "<group>"; };
		BC18742A21B50A7500AD3A01 /* Setting.storyboard */ = {isa = PBXFileReference; lastKnownFileType = file.storyboard; path = Setting.storyboard; sourceTree = "<group>"; };
		BC18742C21B50A8400AD3A01 /* SettingViewController.swift */ = {isa = PBXFileReference; lastKnownFileType = sourcecode.swift; path = SettingViewController.swift; sourceTree = "<group>"; };
		BC18742E21B50A9600AD3A01 /* SettingViewReactor.swift */ = {isa = PBXFileReference; lastKnownFileType = sourcecode.swift; path = SettingViewReactor.swift; sourceTree = "<group>"; };
		BC18743221B515A500AD3A01 /* README.md */ = {isa = PBXFileReference; fileEncoding = 4; lastKnownFileType = net.daringfireball.markdown; name = README.md; path = ../README.md; sourceTree = "<group>"; };
		BC18744021B604E400AD3A01 /* ko */ = {isa = PBXFileReference; lastKnownFileType = text.plist.strings; name = ko; path = ko.lproj/Localizable.strings; sourceTree = "<group>"; };
		BC18744221B604E800AD3A01 /* en */ = {isa = PBXFileReference; lastKnownFileType = text.plist.strings; name = en; path = en.lproj/Localizable.strings; sourceTree = "<group>"; };
		BC18744321B6056F00AD3A01 /* Localized.swift */ = {isa = PBXFileReference; fileEncoding = 4; lastKnownFileType = sourcecode.swift; path = Localized.swift; sourceTree = "<group>"; };
		BC18744521B608FC00AD3A01 /* Constants.swift */ = {isa = PBXFileReference; lastKnownFileType = sourcecode.swift; path = Constants.swift; sourceTree = "<group>"; };
/* End PBXFileReference section */

/* Begin PBXFrameworksBuildPhase section */
		BC1873FD21B4C3CF00AD3A01 /* Frameworks */ = {
			isa = PBXFrameworksBuildPhase;
			buildActionMask = 2147483647;
			files = (
				77B094B65B203E952A819380 /* Pods_RxSwiftReactorKitSampleApp.framework in Frameworks */,
			);
			runOnlyForDeploymentPostprocessing = 0;
		};
/* End PBXFrameworksBuildPhase section */

/* Begin PBXGroup section */
		39AC0F8755FFE01900C02661 /* Frameworks */ = {
			isa = PBXGroup;
			children = (
				5370CD8DFFAED3638126AC95 /* Pods_RxSwiftReactorKitSampleApp.framework */,
			);
			name = Frameworks;
			sourceTree = "<group>";
		};
		79EA5F101F097F2611B9DBB2 /* Pods */ = {
			isa = PBXGroup;
			children = (
				9BD65D53911B88314410E609 /* Pods-RxSwiftReactorKitSampleApp.debug.xcconfig */,
				0206F0A0B20768933D6BF794 /* Pods-RxSwiftReactorKitSampleApp.release.xcconfig */,
			);
			name = Pods;
			sourceTree = "<group>";
		};
		BC1873F721B4C3CF00AD3A01 = {
			isa = PBXGroup;
			children = (
				BC18743221B515A500AD3A01 /* README.md */,
				BC18740221B4C3CF00AD3A01 /* RxSwiftReactorKitSampleApp */,
				BC18740121B4C3CF00AD3A01 /* Products */,
				79EA5F101F097F2611B9DBB2 /* Pods */,
				39AC0F8755FFE01900C02661 /* Frameworks */,
			);
			sourceTree = "<group>";
		};
		BC18740121B4C3CF00AD3A01 /* Products */ = {
			isa = PBXGroup;
			children = (
				BC18740021B4C3CF00AD3A01 /* RxSwiftReactorKitSampleApp.app */,
			);
			name = Products;
			sourceTree = "<group>";
		};
		BC18740221B4C3CF00AD3A01 /* RxSwiftReactorKitSampleApp */ = {
			isa = PBXGroup;
			children = (
				BC18741721B4F72D00AD3A01 /* Data */,
				BC18741821B4F74400AD3A01 /* Resources */,
				BC18741921B4F76700AD3A01 /* Common */,
				BC18741B21B4F7B300AD3A01 /* Services */,
				BC18741E21B4F81B00AD3A01 /* Networks */,
				BC18741A21B4F78400AD3A01 /* Scenarios */,
				BC18740321B4C3CF00AD3A01 /* AppDelegate.swift */,
				BC18740A21B4C3CF00AD3A01 /* Assets.xcassets */,
				BC18740C21B4C3CF00AD3A01 /* LaunchScreen.storyboard */,
				BC18740F21B4C3CF00AD3A01 /* Info.plist */,
				BC18742621B502DE00AD3A01 /* RxSwiftReactorKitSampleApp-Bridging-Header.h */,
			);
			path = RxSwiftReactorKitSampleApp;
			sourceTree = "<group>";
		};
		BC18741721B4F72D00AD3A01 /* Data */ = {
			isa = PBXGroup;
			children = (
			);
			path = Data;
			sourceTree = "<group>";
		};
		BC18741821B4F74400AD3A01 /* Resources */ = {
			isa = PBXGroup;
			children = (
				BC18743421B5FE9600AD3A01 /* Localizable */,
			);
			path = Resources;
			sourceTree = "<group>";
		};
		BC18741921B4F76700AD3A01 /* Common */ = {
			isa = PBXGroup;
			children = (
				BC18743C21B600BB00AD3A01 /* Constants */,
				BC18741C21B4F7E700AD3A01 /* Extensions */,
				BC18741D21B4F7EF00AD3A01 /* Types */,
				BC18741F21B4FBBD00AD3A01 /* Models */,
				BC18742021B4FBD200AD3A01 /* Views */,
			);
			path = Common;
			sourceTree = "<group>";
		};
		BC18741A21B4F78400AD3A01 /* Scenarios */ = {
			isa = PBXGroup;
			children = (
				BC18742121B4FBE100AD3A01 /* Main */,
				BC18742921B50A5500AD3A01 /* Setting */,
			);
			path = Scenarios;
			sourceTree = "<group>";
		};
		BC18741B21B4F7B300AD3A01 /* Services */ = {
			isa = PBXGroup;
			children = (
			);
			path = Services;
			sourceTree = "<group>";
		};
		BC18741C21B4F7E700AD3A01 /* Extensions */ = {
			isa = PBXGroup;
			children = (
			);
			path = Extensions;
			sourceTree = "<group>";
		};
		BC18741D21B4F7EF00AD3A01 /* Types */ = {
			isa = PBXGroup;
			children = (
			);
			path = Types;
			sourceTree = "<group>";
		};
		BC18741E21B4F81B00AD3A01 /* Networks */ = {
			isa = PBXGroup;
			children = (
			);
			path = Networks;
			sourceTree = "<group>";
		};
		BC18741F21B4FBBD00AD3A01 /* Models */ = {
			isa = PBXGroup;
			children = (
			);
			path = Models;
			sourceTree = "<group>";
		};
		BC18742021B4FBD200AD3A01 /* Views */ = {
			isa = PBXGroup;
			children = (
			);
			path = Views;
			sourceTree = "<group>";
		};
		BC18742121B4FBE100AD3A01 /* Main */ = {
			isa = PBXGroup;
			children = (
				BC18740721B4C3CF00AD3A01 /* Main.storyboard */,
				BC18742221B4FC0700AD3A01 /* MainViewController.swift */,
				BC18742421B4FC3900AD3A01 /* MainViewReactor.swift */,
			);
			path = Main;
			sourceTree = "<group>";
		};
		BC18742921B50A5500AD3A01 /* Setting */ = {
			isa = PBXGroup;
			children = (
				BC18742A21B50A7500AD3A01 /* Setting.storyboard */,
				BC18742C21B50A8400AD3A01 /* SettingViewController.swift */,
				BC18742E21B50A9600AD3A01 /* SettingViewReactor.swift */,
			);
			path = Setting;
			sourceTree = "<group>";
		};
		BC18743421B5FE9600AD3A01 /* Localizable */ = {
			isa = PBXGroup;
			children = (
				BC18744321B6056F00AD3A01 /* Localized.swift */,
				BC18744121B604E400AD3A01 /* Localizable.strings */,
			);
			path = Localizable;
			sourceTree = "<group>";
		};
		BC18743C21B600BB00AD3A01 /* Constants */ = {
			isa = PBXGroup;
			children = (
				BC18744521B608FC00AD3A01 /* Constants.swift */,
			);
			path = Constants;
			sourceTree = "<group>";
		};
/* End PBXGroup section */

/* Begin PBXNativeTarget section */
		BC1873FF21B4C3CF00AD3A01 /* RxSwiftReactorKitSampleApp */ = {
			isa = PBXNativeTarget;
			buildConfigurationList = BC18741221B4C3CF00AD3A01 /* Build configuration list for PBXNativeTarget "RxSwiftReactorKitSampleApp" */;
			buildPhases = (
				2BC4874BB38F1BE452554736 /* [CP] Check Pods Manifest.lock */,
				BC1873FC21B4C3CF00AD3A01 /* Sources */,
				BC1873FD21B4C3CF00AD3A01 /* Frameworks */,
				BC1873FE21B4C3CF00AD3A01 /* Resources */,
				0F6C615171794D5B045B0E3C /* [CP] Embed Pods Frameworks */,
				BC18743B21B5FFD300AD3A01 /* SwiftGen */,
			);
			buildRules = (
			);
			dependencies = (
			);
			name = RxSwiftReactorKitSampleApp;
			productName = RxSwiftReactorKitSampleApp;
			productReference = BC18740021B4C3CF00AD3A01 /* RxSwiftReactorKitSampleApp.app */;
			productType = "com.apple.product-type.application";
		};
/* End PBXNativeTarget section */

/* Begin PBXProject section */
		BC1873F821B4C3CF00AD3A01 /* Project object */ = {
			isa = PBXProject;
			attributes = {
				LastSwiftUpdateCheck = 1010;
				LastUpgradeCheck = 1010;
				ORGANIZATIONNAME = clintjang;
				TargetAttributes = {
					BC1873FF21B4C3CF00AD3A01 = {
						CreatedOnToolsVersion = 10.1;
						LastSwiftMigration = 1010;
					};
				};
			};
			buildConfigurationList = BC1873FB21B4C3CF00AD3A01 /* Build configuration list for PBXProject "RxSwiftReactorKitSampleApp" */;
			compatibilityVersion = "Xcode 9.3";
			developmentRegion = en;
			hasScannedForEncodings = 0;
			knownRegions = (
				en,
				Base,
				ko,
			);
			mainGroup = BC1873F721B4C3CF00AD3A01;
			productRefGroup = BC18740121B4C3CF00AD3A01 /* Products */;
			projectDirPath = "";
			projectRoot = "";
			targets = (
				BC1873FF21B4C3CF00AD3A01 /* RxSwiftReactorKitSampleApp */,
			);
		};
/* End PBXProject section */

/* Begin PBXResourcesBuildPhase section */
		BC1873FE21B4C3CF00AD3A01 /* Resources */ = {
			isa = PBXResourcesBuildPhase;
			buildActionMask = 2147483647;
			files = (
				BC18740E21B4C3CF00AD3A01 /* LaunchScreen.storyboard in Resources */,
				BC18743F21B604E400AD3A01 /* Localizable.strings in Resources */,
				BC18740B21B4C3CF00AD3A01 /* Assets.xcassets in Resources */,
				BC18743321B515A500AD3A01 /* README.md in Resources */,
				BC18742B21B50A7500AD3A01 /* Setting.storyboard in Resources */,
				BC18740921B4C3CF00AD3A01 /* Main.storyboard in Resources */,
			);
			runOnlyForDeploymentPostprocessing = 0;
		};
/* End PBXResourcesBuildPhase section */

/* Begin PBXShellScriptBuildPhase section */
		0F6C615171794D5B045B0E3C /* [CP] Embed Pods Frameworks */ = {
			isa = PBXShellScriptBuildPhase;
			buildActionMask = 2147483647;
			files = (
			);
			inputPaths = (
				"${SRCROOT}/Pods/Target Support Files/Pods-RxSwiftReactorKitSampleApp/Pods-RxSwiftReactorKitSampleApp-frameworks.sh",
				"${BUILT_PRODUCTS_DIR}/FLEX/FLEX.framework",
				"${BUILT_PRODUCTS_DIR}/ReactorKit/ReactorKit.framework",
				"${BUILT_PRODUCTS_DIR}/RxAtomic/RxAtomic.framework",
				"${BUILT_PRODUCTS_DIR}/RxCocoa/RxCocoa.framework",
				"${BUILT_PRODUCTS_DIR}/RxSwift/RxSwift.framework",
			);
			name = "[CP] Embed Pods Frameworks";
			outputPaths = (
				"${TARGET_BUILD_DIR}/${FRAMEWORKS_FOLDER_PATH}/FLEX.framework",
				"${TARGET_BUILD_DIR}/${FRAMEWORKS_FOLDER_PATH}/ReactorKit.framework",
				"${TARGET_BUILD_DIR}/${FRAMEWORKS_FOLDER_PATH}/RxAtomic.framework",
				"${TARGET_BUILD_DIR}/${FRAMEWORKS_FOLDER_PATH}/RxCocoa.framework",
				"${TARGET_BUILD_DIR}/${FRAMEWORKS_FOLDER_PATH}/RxSwift.framework",
			);
			runOnlyForDeploymentPostprocessing = 0;
			shellPath = /bin/sh;
			shellScript = "\"${SRCROOT}/Pods/Target Support Files/Pods-RxSwiftReactorKitSampleApp/Pods-RxSwiftReactorKitSampleApp-frameworks.sh\"\n";
			showEnvVarsInLog = 0;
		};
		2BC4874BB38F1BE452554736 /* [CP] Check Pods Manifest.lock */ = {
			isa = PBXShellScriptBuildPhase;
			buildActionMask = 2147483647;
			files = (
			);
			inputPaths = (
				"${PODS_PODFILE_DIR_PATH}/Podfile.lock",
				"${PODS_ROOT}/Manifest.lock",
			);
			name = "[CP] Check Pods Manifest.lock";
			outputPaths = (
				"$(DERIVED_FILE_DIR)/Pods-RxSwiftReactorKitSampleApp-checkManifestLockResult.txt",
			);
			runOnlyForDeploymentPostprocessing = 0;
			shellPath = /bin/sh;
			shellScript = "diff \"${PODS_PODFILE_DIR_PATH}/Podfile.lock\" \"${PODS_ROOT}/Manifest.lock\" > /dev/null\nif [ $? != 0 ] ; then\n    # print error to STDERR\n    echo \"error: The sandbox is not in sync with the Podfile.lock. Run 'pod install' or update your CocoaPods installation.\" >&2\n    exit 1\nfi\n# This output is used by Xcode 'outputs' to avoid re-running this script phase.\necho \"SUCCESS\" > \"${SCRIPT_OUTPUT_FILE_0}\"\n";
			showEnvVarsInLog = 0;
		};
		BC18743B21B5FFD300AD3A01 /* SwiftGen */ = {
			isa = PBXShellScriptBuildPhase;
			buildActionMask = 2147483647;
			files = (
			);
			inputFileListPaths = (
			);
			inputPaths = (
			);
			name = SwiftGen;
			outputFileListPaths = (
			);
			outputPaths = (
			);
			runOnlyForDeploymentPostprocessing = 0;
			shellPath = /bin/sh;
			shellScript = "$PODS_ROOT/SwiftGen/bin/swiftgen strings --param enumName=Localized \"${SRCROOT}/${TARGETNAME}/Resources/Localizable/ko.lproj/Localizable.strings\" -t structured-swift4 -o \"${SRCROOT}/${TARGETNAME}/Resources/Localizable/Localized.swift\"\n";
		};
/* End PBXShellScriptBuildPhase section */

/* Begin PBXSourcesBuildPhase section */
		BC1873FC21B4C3CF00AD3A01 /* Sources */ = {
			isa = PBXSourcesBuildPhase;
			buildActionMask = 2147483647;
			files = (
				BC18742F21B50A9600AD3A01 /* SettingViewReactor.swift in Sources */,
				BC18744421B6056F00AD3A01 /* Localized.swift in Sources */,
				BC18742521B4FC3900AD3A01 /* MainViewReactor.swift in Sources */,
				BC18742321B4FC0700AD3A01 /* MainViewController.swift in Sources */,
				BC18744621B608FC00AD3A01 /* Constants.swift in Sources */,
				BC18740421B4C3CF00AD3A01 /* AppDelegate.swift in Sources */,
				BC18742D21B50A8400AD3A01 /* SettingViewController.swift in Sources */,
			);
			runOnlyForDeploymentPostprocessing = 0;
		};
/* End PBXSourcesBuildPhase section */

/* Begin PBXVariantGroup section */
		BC18740721B4C3CF00AD3A01 /* Main.storyboard */ = {
			isa = PBXVariantGroup;
			children = (
				BC18740821B4C3CF00AD3A01 /* Base */,
			);
			name = Main.storyboard;
			sourceTree = "<group>";
		};
		BC18740C21B4C3CF00AD3A01 /* LaunchScreen.storyboard */ = {
			isa = PBXVariantGroup;
			children = (
				BC18740D21B4C3CF00AD3A01 /* Base */,
			);
			name = LaunchScreen.storyboard;
			sourceTree = "<group>";
		};
		BC18744121B604E400AD3A01 /* Localizable.strings */ = {
			isa = PBXVariantGroup;
			children = (
				BC18744021B604E400AD3A01 /* ko */,
				BC18744221B604E800AD3A01 /* en */,
			);
			name = Localizable.strings;
			sourceTree = "<group>";
		};
/* End PBXVariantGroup section */

/* Begin XCBuildConfiguration section */
		BC18741021B4C3CF00AD3A01 /* Debug */ = {
			isa = XCBuildConfiguration;
			buildSettings = {
				ALWAYS_SEARCH_USER_PATHS = NO;
				CLANG_ANALYZER_LOCALIZABILITY_NONLOCALIZED = YES;
				CLANG_ANALYZER_NONNULL = YES;
				CLANG_ANALYZER_NUMBER_OBJECT_CONVERSION = YES_AGGRESSIVE;
				CLANG_CXX_LANGUAGE_STANDARD = "gnu++14";
				CLANG_CXX_LIBRARY = "libc++";
				CLANG_ENABLE_MODULES = YES;
				CLANG_ENABLE_OBJC_ARC = YES;
				CLANG_ENABLE_OBJC_WEAK = YES;
				CLANG_WARN_BLOCK_CAPTURE_AUTORELEASING = YES;
				CLANG_WARN_BOOL_CONVERSION = YES;
				CLANG_WARN_COMMA = YES;
				CLANG_WARN_CONSTANT_CONVERSION = YES;
				CLANG_WARN_DEPRECATED_OBJC_IMPLEMENTATIONS = YES;
				CLANG_WARN_DIRECT_OBJC_ISA_USAGE = YES_ERROR;
				CLANG_WARN_DOCUMENTATION_COMMENTS = YES;
				CLANG_WARN_EMPTY_BODY = YES;
				CLANG_WARN_ENUM_CONVERSION = YES;
				CLANG_WARN_INFINITE_RECURSION = YES;
				CLANG_WARN_INT_CONVERSION = YES;
				CLANG_WARN_NON_LITERAL_NULL_CONVERSION = YES;
				CLANG_WARN_OBJC_IMPLICIT_RETAIN_SELF = YES;
				CLANG_WARN_OBJC_LITERAL_CONVERSION = YES;
				CLANG_WARN_OBJC_ROOT_CLASS = YES_ERROR;
				CLANG_WARN_RANGE_LOOP_ANALYSIS = YES;
				CLANG_WARN_STRICT_PROTOTYPES = YES;
				CLANG_WARN_SUSPICIOUS_MOVE = YES;
				CLANG_WARN_UNGUARDED_AVAILABILITY = YES_AGGRESSIVE;
				CLANG_WARN_UNREACHABLE_CODE = YES;
				CLANG_WARN__DUPLICATE_METHOD_MATCH = YES;
				CODE_SIGN_IDENTITY = "iPhone Developer";
				COPY_PHASE_STRIP = NO;
				DEBUG_INFORMATION_FORMAT = dwarf;
				ENABLE_STRICT_OBJC_MSGSEND = YES;
				ENABLE_TESTABILITY = YES;
				GCC_C_LANGUAGE_STANDARD = gnu11;
				GCC_DYNAMIC_NO_PIC = NO;
				GCC_NO_COMMON_BLOCKS = YES;
				GCC_OPTIMIZATION_LEVEL = 0;
				GCC_PREPROCESSOR_DEFINITIONS = (
					"DEBUG=1",
					"$(inherited)",
				);
				GCC_WARN_64_TO_32_BIT_CONVERSION = YES;
				GCC_WARN_ABOUT_RETURN_TYPE = YES_ERROR;
				GCC_WARN_UNDECLARED_SELECTOR = YES;
				GCC_WARN_UNINITIALIZED_AUTOS = YES_AGGRESSIVE;
				GCC_WARN_UNUSED_FUNCTION = YES;
				GCC_WARN_UNUSED_VARIABLE = YES;
				IPHONEOS_DEPLOYMENT_TARGET = 12.1;
				MTL_ENABLE_DEBUG_INFO = INCLUDE_SOURCE;
				MTL_FAST_MATH = YES;
				ONLY_ACTIVE_ARCH = YES;
				SDKROOT = iphoneos;
				SWIFT_ACTIVE_COMPILATION_CONDITIONS = DEBUG;
				SWIFT_OPTIMIZATION_LEVEL = "-Onone";
			};
			name = Debug;
		};
		BC18741121B4C3CF00AD3A01 /* Release */ = {
			isa = XCBuildConfiguration;
			buildSettings = {
				ALWAYS_SEARCH_USER_PATHS = NO;
				CLANG_ANALYZER_LOCALIZABILITY_NONLOCALIZED = YES;
				CLANG_ANALYZER_NONNULL = YES;
				CLANG_ANALYZER_NUMBER_OBJECT_CONVERSION = YES_AGGRESSIVE;
				CLANG_CXX_LANGUAGE_STANDARD = "gnu++14";
				CLANG_CXX_LIBRARY = "libc++";
				CLANG_ENABLE_MODULES = YES;
				CLANG_ENABLE_OBJC_ARC = YES;
				CLANG_ENABLE_OBJC_WEAK = YES;
				CLANG_WARN_BLOCK_CAPTURE_AUTORELEASING = YES;
				CLANG_WARN_BOOL_CONVERSION = YES;
				CLANG_WARN_COMMA = YES;
				CLANG_WARN_CONSTANT_CONVERSION = YES;
				CLANG_WARN_DEPRECATED_OBJC_IMPLEMENTATIONS = YES;
				CLANG_WARN_DIRECT_OBJC_ISA_USAGE = YES_ERROR;
				CLANG_WARN_DOCUMENTATION_COMMENTS = YES;
				CLANG_WARN_EMPTY_BODY = YES;
				CLANG_WARN_ENUM_CONVERSION = YES;
				CLANG_WARN_INFINITE_RECURSION = YES;
				CLANG_WARN_INT_CONVERSION = YES;
				CLANG_WARN_NON_LITERAL_NULL_CONVERSION = YES;
				CLANG_WARN_OBJC_IMPLICIT_RETAIN_SELF = YES;
				CLANG_WARN_OBJC_LITERAL_CONVERSION = YES;
				CLANG_WARN_OBJC_ROOT_CLASS = YES_ERROR;
				CLANG_WARN_RANGE_LOOP_ANALYSIS = YES;
				CLANG_WARN_STRICT_PROTOTYPES = YES;
				CLANG_WARN_SUSPICIOUS_MOVE = YES;
				CLANG_WARN_UNGUARDED_AVAILABILITY = YES_AGGRESSIVE;
				CLANG_WARN_UNREACHABLE_CODE = YES;
				CLANG_WARN__DUPLICATE_METHOD_MATCH = YES;
				CODE_SIGN_IDENTITY = "iPhone Developer";
				COPY_PHASE_STRIP = NO;
				DEBUG_INFORMATION_FORMAT = "dwarf-with-dsym";
				ENABLE_NS_ASSERTIONS = NO;
				ENABLE_STRICT_OBJC_MSGSEND = YES;
				GCC_C_LANGUAGE_STANDARD = gnu11;
				GCC_NO_COMMON_BLOCKS = YES;
				GCC_WARN_64_TO_32_BIT_CONVERSION = YES;
				GCC_WARN_ABOUT_RETURN_TYPE = YES_ERROR;
				GCC_WARN_UNDECLARED_SELECTOR = YES;
				GCC_WARN_UNINITIALIZED_AUTOS = YES_AGGRESSIVE;
				GCC_WARN_UNUSED_FUNCTION = YES;
				GCC_WARN_UNUSED_VARIABLE = YES;
				IPHONEOS_DEPLOYMENT_TARGET = 12.1;
				MTL_ENABLE_DEBUG_INFO = NO;
				MTL_FAST_MATH = YES;
				SDKROOT = iphoneos;
				SWIFT_COMPILATION_MODE = wholemodule;
				SWIFT_OPTIMIZATION_LEVEL = "-O";
				VALIDATE_PRODUCT = YES;
			};
			name = Release;
		};
		BC18741321B4C3CF00AD3A01 /* Debug */ = {
			isa = XCBuildConfiguration;
			baseConfigurationReference = 9BD65D53911B88314410E609 /* Pods-RxSwiftReactorKitSampleApp.debug.xcconfig */;
			buildSettings = {
				ASSETCATALOG_COMPILER_APPICON_NAME = AppIcon;
				CLANG_ENABLE_MODULES = YES;
				CODE_SIGN_STYLE = Automatic;
				DEVELOPMENT_TEAM = Y72B7R5K2B;
				INFOPLIST_FILE = RxSwiftReactorKitSampleApp/Info.plist;
				IPHONEOS_DEPLOYMENT_TARGET = 10.0;
				LD_RUNPATH_SEARCH_PATHS = (
					"$(inherited)",
					"@executable_path/Frameworks",
				);
				PRODUCT_BUNDLE_IDENTIFIER = kr.co.clintjang.RxSwiftReactorKitSampleApp;
				PRODUCT_NAME = "$(TARGET_NAME)";
				SWIFT_OBJC_BRIDGING_HEADER = "RxSwiftReactorKitSampleApp/RxSwiftReactorKitSampleApp-Bridging-Header.h";
				SWIFT_OPTIMIZATION_LEVEL = "-Onone";
				SWIFT_VERSION = 4.2;
				TARGETED_DEVICE_FAMILY = "1,2";
			};
			name = Debug;
		};
		BC18741421B4C3CF00AD3A01 /* Release */ = {
			isa = XCBuildConfiguration;
			baseConfigurationReference = 0206F0A0B20768933D6BF794 /* Pods-RxSwiftReactorKitSampleApp.release.xcconfig */;
			buildSettings = {
				ASSETCATALOG_COMPILER_APPICON_NAME = AppIcon;
				CLANG_ENABLE_MODULES = YES;
				CODE_SIGN_STYLE = Automatic;
				DEVELOPMENT_TEAM = Y72B7R5K2B;
				INFOPLIST_FILE = RxSwiftReactorKitSampleApp/Info.plist;
				IPHONEOS_DEPLOYMENT_TARGET = 10.0;
				LD_RUNPATH_SEARCH_PATHS = (
					"$(inherited)",
					"@executable_path/Frameworks",
				);
				PRODUCT_BUNDLE_IDENTIFIER = kr.co.clintjang.RxSwiftReactorKitSampleApp;
				PRODUCT_NAME = "$(TARGET_NAME)";
				SWIFT_OBJC_BRIDGING_HEADER = "RxSwiftReactorKitSampleApp/RxSwiftReactorKitSampleApp-Bridging-Header.h";
				SWIFT_VERSION = 4.2;
				TARGETED_DEVICE_FAMILY = "1,2";
			};
			name = Release;
		};
/* End XCBuildConfiguration section */

/* Begin XCConfigurationList section */
		BC1873FB21B4C3CF00AD3A01 /* Build configuration list for PBXProject "RxSwiftReactorKitSampleApp" */ = {
			isa = XCConfigurationList;
			buildConfigurations = (
				BC18741021B4C3CF00AD3A01 /* Debug */,
				BC18741121B4C3CF00AD3A01 /* Release */,
			);
			defaultConfigurationIsVisible = 0;
			defaultConfigurationName = Release;
		};
		BC18741221B4C3CF00AD3A01 /* Build configuration list for PBXNativeTarget "RxSwiftReactorKitSampleApp" */ = {
			isa = XCConfigurationList;
			buildConfigurations = (
				BC18741321B4C3CF00AD3A01 /* Debug */,
				BC18741421B4C3CF00AD3A01 /* Release */,
			);
			defaultConfigurationIsVisible = 0;
			defaultConfigurationName = Release;
		};
/* End XCConfigurationList section */
	};
	rootObject = BC1873F821B4C3CF00AD3A01 /* Project object */;
}
